
Microsoft Visual Studio Solution File, Format Version 12.00
# Visual Studio Version 17
VisualStudioVersion = 17.10.35013.160
MinimumVisualStudioVersion = 10.0.40219.1
Project("{FAE04EC0-301F-11D3-BF4B-00C04F79EFBC}") = "nimap", "nimap\nimap.csproj", "{44121061-B537-4496-9530-BCFF336F8242}"
EndProject
Global
	GlobalSection(SolutionConfigurationPlatforms) = preSolution
		Debug|Any CPU = Debug|Any CPU
		Release|Any CPU = Release|Any CPU
	EndGlobalSection
	GlobalSection(ProjectConfigurationPlatforms) = postSolution
		{44121061-B537-4496-9530-BCFF336F8242}.Debug|Any CPU.ActiveCfg = Debug|Any CPU
		{44121061-B537-4496-9530-BCFF336F8242}.Debug|Any CPU.Build.0 = Debug|Any CPU
		{44121061-B537-4496-9530-BCFF336F8242}.Release|Any CPU.ActiveCfg = Release|Any CPU
		{44121061-B537-4496-9530-BCFF336F8242}.Release|Any CPU.Build.0 = Release|Any CPU
	EndGlobalSection
	GlobalSection(SolutionProperties) = preSolution
		HideSolutionNode = FALSE
	EndGlobalSection
	GlobalSection(ExtensibilityGlobals) = postSolution
		SolutionGuid = {A0844D25-2A8D-48B1-9E3C-9DB5205E5A45}
	EndGlobalSection
EndGlobal
